
Microsoft Visual Studio Solution File, Format Version 12.00
# Visual Studio 15
VisualStudioVersion = 15.0.28307.1145
MinimumVisualStudioVersion = 10.0.40219.1
Project("{FAE04EC0-301F-11D3-BF4B-00C04F79EFBC}") = "certamne n°3 algoritmo", "certamne n°3 algoritmo\certamne n°3 algoritmo.csproj", "{2E59B0BD-309D-4015-945B-0F17121467A9}"
EndProject
Global
	GlobalSection(SolutionConfigurationPlatforms) = preSolution
		Debug|Any CPU = Debug|Any CPU
		Release|Any CPU = Release|Any CPU
	EndGlobalSection
	GlobalSection(ProjectConfigurationPlatforms) = postSolution
		{2E59B0BD-309D-4015-945B-0F17121467A9}.Debug|Any CPU.ActiveCfg = Debug|Any CPU
		{2E59B0BD-309D-4015-945B-0F17121467A9}.Debug|Any CPU.Build.0 = Debug|Any CPU
		{2E59B0BD-309D-4015-945B-0F17121467A9}.Release|Any CPU.ActiveCfg = Release|Any CPU
		{2E59B0BD-309D-4015-945B-0F17121467A9}.Release|Any CPU.Build.0 = Release|Any CPU
	EndGlobalSection
	GlobalSection(SolutionProperties) = preSolution
		HideSolutionNode = FALSE
	EndGlobalSection
	GlobalSection(ExtensibilityGlobals) = postSolution
		SolutionGuid = {D9D0D231-52AB-46E8-B5A0-6AD193A1EFF1}
	EndGlobalSection
EndGlobal
